
Microsoft Visual Studio Solution File, Format Version 12.00
# Visual Studio Version 16
VisualStudioVersion = 16.0.31624.102
MinimumVisualStudioVersion = 10.0.40219.1
Project("{FAE04EC0-301F-11D3-BF4B-00C04F79EFBC}") = "WebApplication1", "WebApplication1\WebApplication1.csproj", "{B1C1C07B-70BE-4A0C-B581-A64A195E0917}"
EndProject
Global
	GlobalSection(SolutionConfigurationPlatforms) = preSolution
		Debug|Any CPU = Debug|Any CPU
		Release|Any CPU = Release|Any CPU
	EndGlobalSection
	GlobalSection(ProjectConfigurationPlatforms) = postSolution
		{B1C1C07B-70BE-4A0C-B581-A64A195E0917}.Debug|Any CPU.ActiveCfg = Debug|Any CPU
		{B1C1C07B-70BE-4A0C-B581-A64A195E0917}.Debug|Any CPU.Build.0 = Debug|Any CPU
		{B1C1C07B-70BE-4A0C-B581-A64A195E0917}.Release|Any CPU.ActiveCfg = Release|Any CPU
		{B1C1C07B-70BE-4A0C-B581-A64A195E0917}.Release|Any CPU.Build.0 = Release|Any CPU
	EndGlobalSection
	GlobalSection(SolutionProperties) = preSolution
		HideSolutionNode = FALSE
	EndGlobalSection
	GlobalSection(ExtensibilityGlobals) = postSolution
		SolutionGuid = {BC5C980D-AAA7-409C-85A4-9891A8760BBB}
	EndGlobalSection
EndGlobal
